
Microsoft Visual Studio Solution File, Format Version 12.00
# Visual Studio Version 16
VisualStudioVersion = 16.0.34031.81
MinimumVisualStudioVersion = 10.0.40219.1
Project("{FAE04EC0-301F-11D3-BF4B-00C04F79EFBC}") = "AntonioRepositorio", "AntonioRepositorio\AntonioRepositorio.csproj", "{131B4888-49C5-4D1A-81B5-1C1F7E424A86}"
EndProject
Global
	GlobalSection(SolutionConfigurationPlatforms) = preSolution
		Debug|Any CPU = Debug|Any CPU
		Release|Any CPU = Release|Any CPU
	EndGlobalSection
	GlobalSection(ProjectConfigurationPlatforms) = postSolution
		{131B4888-49C5-4D1A-81B5-1C1F7E424A86}.Debug|Any CPU.ActiveCfg = Debug|Any CPU
		{131B4888-49C5-4D1A-81B5-1C1F7E424A86}.Debug|Any CPU.Build.0 = Debug|Any CPU
		{131B4888-49C5-4D1A-81B5-1C1F7E424A86}.Release|Any CPU.ActiveCfg = Release|Any CPU
		{131B4888-49C5-4D1A-81B5-1C1F7E424A86}.Release|Any CPU.Build.0 = Release|Any CPU
	EndGlobalSection
	GlobalSection(SolutionProperties) = preSolution
		HideSolutionNode = FALSE
	EndGlobalSection
	GlobalSection(ExtensibilityGlobals) = postSolution
		SolutionGuid = {A50373C0-AAEE-40AE-8D60-38A36E6B201D}
	EndGlobalSection
EndGlobal
